// !$*UTF8*$!
{
	archiveVersion = 1;
	classes = {
	};
	objectVersion = 55;
	objects = {

/* Begin PBXBuildFile section */
		E92AF25827AD584100F18FBA /* FishDetailView.swift in Sources */ = {isa = PBXBuildFile; fileRef = E92AF25727AD584100F18FBA /* FishDetailView.swift */; };
		E999E3B227AC67F9002B9367 /* FishesOSApp.swift in Sources */ = {isa = PBXBuildFile; fileRef = E999E3B127AC67F9002B9367 /* FishesOSApp.swift */; };
		E999E3B427AC67F9002B9367 /* ContentView.swift in Sources */ = {isa = PBXBuildFile; fileRef = E999E3B327AC67F9002B9367 /* ContentView.swift */; };
		E999E3B627AC67FA002B9367 /* Assets.xcassets in Resources */ = {isa = PBXBuildFile; fileRef = E999E3B527AC67FA002B9367 /* Assets.xcassets */; };
		E999E3B927AC67FA002B9367 /* Preview Assets.xcassets in Resources */ = {isa = PBXBuildFile; fileRef = E999E3B827AC67FA002B9367 /* Preview Assets.xcassets */; };
		E999E3C627AC690F002B9367 /* Fish.swift in Sources */ = {isa = PBXBuildFile; fileRef = E999E3C527AC690F002B9367 /* Fish.swift */; };
		E999E3CA27AC6BBD002B9367 /* NetworkingManager.swift in Sources */ = {isa = PBXBuildFile; fileRef = E999E3C927AC6BBD002B9367 /* NetworkingManager.swift */; };
		E999E3CC27AC6C0F002B9367 /* FishesDataService.swift in Sources */ = {isa = PBXBuildFile; fileRef = E999E3CB27AC6C0F002B9367 /* FishesDataService.swift */; };
		E999E3D127AC6D7D002B9367 /* HomeViewModel.swift in Sources */ = {isa = PBXBuildFile; fileRef = E999E3D027AC6D7D002B9367 /* HomeViewModel.swift */; };
		E999E3D327AC6D86002B9367 /* HomeView.swift in Sources */ = {isa = PBXBuildFile; fileRef = E999E3D227AC6D86002B9367 /* HomeView.swift */; };
		E999E3D627AC6F56002B9367 /* PreviewProvider.swift in Sources */ = {isa = PBXBuildFile; fileRef = E999E3D527AC6F56002B9367 /* PreviewProvider.swift */; };
/* End PBXBuildFile section */

/* Begin PBXFileReference section */
		E92AF25727AD584100F18FBA /* FishDetailView.swift */ = {isa = PBXFileReference; lastKnownFileType = sourcecode.swift; path = FishDetailView.swift; sourceTree = "<group>"; };
		E999E3AE27AC67F9002B9367 /* FishesOS.app */ = {isa = PBXFileReference; explicitFileType = wrapper.application; includeInIndex = 0; path = FishesOS.app; sourceTree = BUILT_PRODUCTS_DIR; };
		E999E3B127AC67F9002B9367 /* FishesOSApp.swift */ = {isa = PBXFileReference; lastKnownFileType = sourcecode.swift; path = FishesOSApp.swift; sourceTree = "<group>"; };
		E999E3B327AC67F9002B9367 /* ContentView.swift */ = {isa = PBXFileReference; lastKnownFileType = sourcecode.swift; path = ContentView.swift; sourceTree = "<group>"; };
		E999E3B527AC67FA002B9367 /* Assets.xcassets */ = {isa = PBXFileReference; lastKnownFileType = folder.assetcatalog; path = Assets.xcassets; sourceTree = "<group>"; };
		E999E3B827AC67FA002B9367 /* Preview Assets.xcassets */ = {isa = PBXFileReference; lastKnownFileType = folder.assetcatalog; path = "Preview Assets.xcassets"; sourceTree = "<group>"; };
		E999E3C527AC690F002B9367 /* Fish.swift */ = {isa = PBXFileReference; lastKnownFileType = sourcecode.swift; path = Fish.swift; sourceTree = "<group>"; };
		E999E3C927AC6BBD002B9367 /* NetworkingManager.swift */ = {isa = PBXFileReference; lastKnownFileType = sourcecode.swift; path = NetworkingManager.swift; sourceTree = "<group>"; };
		E999E3CB27AC6C0F002B9367 /* FishesDataService.swift */ = {isa = PBXFileReference; lastKnownFileType = sourcecode.swift; path = FishesDataService.swift; sourceTree = "<group>"; };
		E999E3D027AC6D7D002B9367 /* HomeViewModel.swift */ = {isa = PBXFileReference; lastKnownFileType = sourcecode.swift; path = HomeViewModel.swift; sourceTree = "<group>"; };
		E999E3D227AC6D86002B9367 /* HomeView.swift */ = {isa = PBXFileReference; lastKnownFileType = sourcecode.swift; path = HomeView.swift; sourceTree = "<group>"; };
		E999E3D527AC6F56002B9367 /* PreviewProvider.swift */ = {isa = PBXFileReference; lastKnownFileType = sourcecode.swift; path = PreviewProvider.swift; sourceTree = "<group>"; };
/* End PBXFileReference section */

/* Begin PBXFrameworksBuildPhase section */
		E999E3AB27AC67F9002B9367 /* Frameworks */ = {
			isa = PBXFrameworksBuildPhase;
			buildActionMask = 2147483647;
			files = (
			);
			runOnlyForDeploymentPostprocessing = 0;
		};
/* End PBXFrameworksBuildPhase section */

/* Begin PBXGroup section */
		E92AF25527AD57E900F18FBA /* Detail */ = {
			isa = PBXGroup;
			children = (
				E92AF25627AD583300F18FBA /* View */,
			);
			path = Detail;
			sourceTree = "<group>";
		};
		E92AF25627AD583300F18FBA /* View */ = {
			isa = PBXGroup;
			children = (
				E92AF25727AD584100F18FBA /* FishDetailView.swift */,
			);
			path = View;
			sourceTree = "<group>";
		};
		E999E3A527AC67F9002B9367 = {
			isa = PBXGroup;
			children = (
				E999E3B027AC67F9002B9367 /* FishesOS */,
				E999E3AF27AC67F9002B9367 /* Products */,
			);
			sourceTree = "<group>";
		};
		E999E3AF27AC67F9002B9367 /* Products */ = {
			isa = PBXGroup;
			children = (
				E999E3AE27AC67F9002B9367 /* FishesOS.app */,
			);
			name = Products;
			sourceTree = "<group>";
		};
		E999E3B027AC67F9002B9367 /* FishesOS */ = {
			isa = PBXGroup;
			children = (
				E999E3B127AC67F9002B9367 /* FishesOSApp.swift */,
				E999E3D427AC6F48002B9367 /* Extension */,
				E999E3BF27AC682E002B9367 /* Utilities */,
				E999E3C027AC6837002B9367 /* Services */,
				E999E3C127AC683E002B9367 /* Models */,
				E999E3C227AC689B002B9367 /* Core */,
				E999E3B327AC67F9002B9367 /* ContentView.swift */,
				E999E3B527AC67FA002B9367 /* Assets.xcassets */,
				E999E3B727AC67FA002B9367 /* Preview Content */,
			);
			path = FishesOS;
			sourceTree = "<group>";
		};
		E999E3B727AC67FA002B9367 /* Preview Content */ = {
			isa = PBXGroup;
			children = (
				E999E3B827AC67FA002B9367 /* Preview Assets.xcassets */,
			);
			path = "Preview Content";
			sourceTree = "<group>";
		};
		E999E3BF27AC682E002B9367 /* Utilities */ = {
			isa = PBXGroup;
			children = (
				E999E3C927AC6BBD002B9367 /* NetworkingManager.swift */,
			);
			path = Utilities;
			sourceTree = "<group>";
		};
		E999E3C027AC6837002B9367 /* Services */ = {
			isa = PBXGroup;
			children = (
				E999E3CB27AC6C0F002B9367 /* FishesDataService.swift */,
			);
			path = Services;
			sourceTree = "<group>";
		};
		E999E3C127AC683E002B9367 /* Models */ = {
			isa = PBXGroup;
			children = (
				E999E3C527AC690F002B9367 /* Fish.swift */,
			);
			path = Models;
			sourceTree = "<group>";
		};
		E999E3C227AC689B002B9367 /* Core */ = {
			isa = PBXGroup;
			children = (
				E92AF25527AD57E900F18FBA /* Detail */,
				E999E3CD27AC6D58002B9367 /* Home */,
			);
			path = Core;
			sourceTree = "<group>";
		};
		E999E3CD27AC6D58002B9367 /* Home */ = {
			isa = PBXGroup;
			children = (
				E999E3CF27AC6D73002B9367 /* View */,
				E999E3CE27AC6D6B002B9367 /* ViewModel */,
			);
			path = Home;
			sourceTree = "<group>";
		};
		E999E3CE27AC6D6B002B9367 /* ViewModel */ = {
			isa = PBXGroup;
			children = (
				E999E3D027AC6D7D002B9367 /* HomeViewModel.swift */,
			);
			path = ViewModel;
			sourceTree = "<group>";
		};
		E999E3CF27AC6D73002B9367 /* View */ = {
			isa = PBXGroup;
			children = (
				E999E3D227AC6D86002B9367 /* HomeView.swift */,
			);
			path = View;
			sourceTree = "<group>";
		};
		E999E3D427AC6F48002B9367 /* Extension */ = {
			isa = PBXGroup;
			children = (
				E999E3D527AC6F56002B9367 /* PreviewProvider.swift */,
			);
			path = Extension;
			sourceTree = "<group>";
		};
/* End PBXGroup section */

/* Begin PBXNativeTarget section */
		E999E3AD27AC67F9002B9367 /* FishesOS */ = {
			isa = PBXNativeTarget;
			buildConfigurationList = E999E3BC27AC67FA002B9367 /* Build configuration list for PBXNativeTarget "FishesOS" */;
			buildPhases = (
				E999E3AA27AC67F9002B9367 /* Sources */,
				E999E3AB27AC67F9002B9367 /* Frameworks */,
				E999E3AC27AC67F9002B9367 /* Resources */,
			);
			buildRules = (
			);
			dependencies = (
			);
			name = FishesOS;
			productName = FishesOS;
			productReference = E999E3AE27AC67F9002B9367 /* FishesOS.app */;
			productType = "com.apple.product-type.application";
		};
/* End PBXNativeTarget section */

/* Begin PBXProject section */
		E999E3A627AC67F9002B9367 /* Project object */ = {
			isa = PBXProject;
			attributes = {
				BuildIndependentTargetsInParallel = 1;
				LastSwiftUpdateCheck = 1310;
				LastUpgradeCheck = 1310;
				TargetAttributes = {
					E999E3AD27AC67F9002B9367 = {
						CreatedOnToolsVersion = 13.1;
					};
				};
			};
			buildConfigurationList = E999E3A927AC67F9002B9367 /* Build configuration list for PBXProject "FishesOS" */;
			compatibilityVersion = "Xcode 13.0";
			developmentRegion = en;
			hasScannedForEncodings = 0;
			knownRegions = (
				en,
				Base,
			);
			mainGroup = E999E3A527AC67F9002B9367;
			productRefGroup = E999E3AF27AC67F9002B9367 /* Products */;
			projectDirPath = "";
			projectRoot = "";
			targets = (
				E999E3AD27AC67F9002B9367 /* FishesOS */,
			);
		};
/* End PBXProject section */

/* Begin PBXResourcesBuildPhase section */
		E999E3AC27AC67F9002B9367 /* Resources */ = {
			isa = PBXResourcesBuildPhase;
			buildActionMask = 2147483647;
			files = (
				E999E3B927AC67FA002B9367 /* Preview Assets.xcassets in Resources */,
				E999E3B627AC67FA002B9367 /* Assets.xcassets in Resources */,
			);
			runOnlyForDeploymentPostprocessing = 0;
		};
/* End PBXResourcesBuildPhase section */

/* Begin PBXSourcesBuildPhase section */
		E999E3AA27AC67F9002B9367 /* Sources */ = {
			isa = PBXSourcesBuildPhase;
			buildActionMask = 2147483647;
			files = (
				E999E3D327AC6D86002B9367 /* HomeView.swift in Sources */,
				E999E3C627AC690F002B9367 /* Fish.swift in Sources */,
				E999E3B427AC67F9002B9367 /* ContentView.swift in Sources */,
				E92AF25827AD584100F18FBA /* FishDetailView.swift in Sources */,
				E999E3D127AC6D7D002B9367 /* HomeViewModel.swift in Sources */,
				E999E3CA27AC6BBD002B9367 /* NetworkingManager.swift in Sources */,
				E999E3CC27AC6C0F002B9367 /* FishesDataService.swift in Sources */,
				E999E3B227AC67F9002B9367 /* FishesOSApp.swift in Sources */,
				E999E3D627AC6F56002B9367 /* PreviewProvider.swift in Sources */,
			);
			runOnlyForDeploymentPostprocessing = 0;
		};
/* End PBXSourcesBuildPhase section */

/* Begin XCBuildConfiguration section */
		E999E3BA27AC67FA002B9367 /* Debug */ = {
			isa = XCBuildConfiguration;
			buildSettings = {
				ALWAYS_SEARCH_USER_PATHS = NO;
				CLANG_ANALYZER_NONNULL = YES;
				CLANG_ANALYZER_NUMBER_OBJECT_CONVERSION = YES_AGGRESSIVE;
				CLANG_CXX_LANGUAGE_STANDARD = "gnu++17";
				CLANG_CXX_LIBRARY = "libc++";
				CLANG_ENABLE_MODULES = YES;
				CLANG_ENABLE_OBJC_ARC = YES;
				CLANG_ENABLE_OBJC_WEAK = YES;
				CLANG_WARN_BLOCK_CAPTURE_AUTORELEASING = YES;
				CLANG_WARN_BOOL_CONVERSION = YES;
				CLANG_WARN_COMMA = YES;
				CLANG_WARN_CONSTANT_CONVERSION = YES;
				CLANG_WARN_DEPRECATED_OBJC_IMPLEMENTATIONS = YES;
				CLANG_WARN_DIRECT_OBJC_ISA_USAGE = YES_ERROR;
				CLANG_WARN_DOCUMENTATION_COMMENTS = YES;
				CLANG_WARN_EMPTY_BODY = YES;
				CLANG_WARN_ENUM_CONVERSION = YES;
				CLANG_WARN_INFINITE_RECURSION = YES;
				CLANG_WARN_INT_CONVERSION = YES;
				CLANG_WARN_NON_LITERAL_NULL_CONVERSION = YES;
				CLANG_WARN_OBJC_IMPLICIT_RETAIN_SELF = YES;
				CLANG_WARN_OBJC_LITERAL_CONVERSION = YES;
				CLANG_WARN_OBJC_ROOT_CLASS = YES_ERROR;
				CLANG_WARN_QUOTED_INCLUDE_IN_FRAMEWORK_HEADER = YES;
				CLANG_WARN_RANGE_LOOP_ANALYSIS = YES;
				CLANG_WARN_STRICT_PROTOTYPES = YES;
				CLANG_WARN_SUSPICIOUS_MOVE = YES;
				CLANG_WARN_UNGUARDED_AVAILABILITY = YES_AGGRESSIVE;
				CLANG_WARN_UNREACHABLE_CODE = YES;
				CLANG_WARN__DUPLICATE_METHOD_MATCH = YES;
				COPY_PHASE_STRIP = NO;
				DEBUG_INFORMATION_FORMAT = dwarf;
				ENABLE_STRICT_OBJC_MSGSEND = YES;
				ENABLE_TESTABILITY = YES;
				GCC_C_LANGUAGE_STANDARD = gnu11;
				GCC_DYNAMIC_NO_PIC = NO;
				GCC_NO_COMMON_BLOCKS = YES;
				GCC_OPTIMIZATION_LEVEL = 0;
				GCC_PREPROCESSOR_DEFINITIONS = (
					"DEBUG=1",
					"$(inherited)",
				);
				GCC_WARN_64_TO_32_BIT_CONVERSION = YES;
				GCC_WARN_ABOUT_RETURN_TYPE = YES_ERROR;
				GCC_WARN_UNDECLARED_SELECTOR = YES;
				GCC_WARN_UNINITIALIZED_AUTOS = YES_AGGRESSIVE;
				GCC_WARN_UNUSED_FUNCTION = YES;
				GCC_WARN_UNUSED_VARIABLE = YES;
				IPHONEOS_DEPLOYMENT_TARGET = 15.0;
				MTL_ENABLE_DEBUG_INFO = INCLUDE_SOURCE;
				MTL_FAST_MATH = YES;
				ONLY_ACTIVE_ARCH = YES;
				SDKROOT = iphoneos;
				SWIFT_ACTIVE_COMPILATION_CONDITIONS = DEBUG;
				SWIFT_OPTIMIZATION_LEVEL = "-Onone";
			};
			name = Debug;
		};
		E999E3BB27AC67FA002B9367 /* Release */ = {
			isa = XCBuildConfiguration;
			buildSettings = {
				ALWAYS_SEARCH_USER_PATHS = NO;
				CLANG_ANALYZER_NONNULL = YES;
				CLANG_ANALYZER_NUMBER_OBJECT_CONVERSION = YES_AGGRESSIVE;
				CLANG_CXX_LANGUAGE_STANDARD = "gnu++17";
				CLANG_CXX_LIBRARY = "libc++";
				CLANG_ENABLE_MODULES = YES;
				CLANG_ENABLE_OBJC_ARC = YES;
				CLANG_ENABLE_OBJC_WEAK = YES;
				CLANG_WARN_BLOCK_CAPTURE_AUTORELEASING = YES;
				CLANG_WARN_BOOL_CONVERSION = YES;
				CLANG_WARN_COMMA = YES;
				CLANG_WARN_CONSTANT_CONVERSION = YES;
				CLANG_WARN_DEPRECATED_OBJC_IMPLEMENTATIONS = YES;
				CLANG_WARN_DIRECT_OBJC_ISA_USAGE = YES_ERROR;
				CLANG_WARN_DOCUMENTATION_COMMENTS = YES;
				CLANG_WARN_EMPTY_BODY = YES;
				CLANG_WARN_ENUM_CONVERSION = YES;
				CLANG_WARN_INFINITE_RECURSION = YES;
				CLANG_WARN_INT_CONVERSION = YES;
				CLANG_WARN_NON_LITERAL_NULL_CONVERSION = YES;
				CLANG_WARN_OBJC_IMPLICIT_RETAIN_SELF = YES;
				CLANG_WARN_OBJC_LITERAL_CONVERSION = YES;
				CLANG_WARN_OBJC_ROOT_CLASS = YES_ERROR;
				CLANG_WARN_QUOTED_INCLUDE_IN_FRAMEWORK_HEADER = YES;
				CLANG_WARN_RANGE_LOOP_ANALYSIS = YES;
				CLANG_WARN_STRICT_PROTOTYPES = YES;
				CLANG_WARN_SUSPICIOUS_MOVE = YES;
				CLANG_WARN_UNGUARDED_AVAILABILITY = YES_AGGRESSIVE;
				CLANG_WARN_UNREACHABLE_CODE = YES;
				CLANG_WARN__DUPLICATE_METHOD_MATCH = YES;
				COPY_PHASE_STRIP = NO;
				DEBUG_INFORMATION_FORMAT = "dwarf-with-dsym";
				ENABLE_NS_ASSERTIONS = NO;
				ENABLE_STRICT_OBJC_MSGSEND = YES;
				GCC_C_LANGUAGE_STANDARD = gnu11;
				GCC_NO_COMMON_BLOCKS = YES;
				GCC_WARN_64_TO_32_BIT_CONVERSION = YES;
				GCC_WARN_ABOUT_RETURN_TYPE = YES_ERROR;
				GCC_WARN_UNDECLARED_SELECTOR = YES;
				GCC_WARN_UNINITIALIZED_AUTOS = YES_AGGRESSIVE;
				GCC_WARN_UNUSED_FUNCTION = YES;
				GCC_WARN_UNUSED_VARIABLE = YES;
				IPHONEOS_DEPLOYMENT_TARGET = 15.0;
				MTL_ENABLE_DEBUG_INFO = NO;
				MTL_FAST_MATH = YES;
				SDKROOT = iphoneos;
				SWIFT_COMPILATION_MODE = wholemodule;
				SWIFT_OPTIMIZATION_LEVEL = "-O";
				VALIDATE_PRODUCT = YES;
			};
			name = Release;
		};
		E999E3BD27AC67FA002B9367 /* Debug */ = {
			isa = XCBuildConfiguration;
			buildSettings = {
				ASSETCATALOG_COMPILER_APPICON_NAME = AppIcon;
				ASSETCATALOG_COMPILER_GLOBAL_ACCENT_COLOR_NAME = AccentColor;
				CODE_SIGN_STYLE = Automatic;
				CURRENT_PROJECT_VERSION = 1;
				DEVELOPMENT_ASSET_PATHS = "\"FishesOS/Preview Content\"";
				DEVELOPMENT_TEAM = 4Q8A93T347;
				ENABLE_PREVIEWS = YES;
				GENERATE_INFOPLIST_FILE = YES;
				INFOPLIST_KEY_UIApplicationSceneManifest_Generation = YES;
				INFOPLIST_KEY_UIApplicationSupportsIndirectInputEvents = YES;
				INFOPLIST_KEY_UILaunchScreen_Generation = YES;
				INFOPLIST_KEY_UISupportedInterfaceOrientations = UIInterfaceOrientationPortrait;
				INFOPLIST_KEY_UISupportedInterfaceOrientations_iPad = "UIInterfaceOrientationPortrait UIInterfaceOrientationPortraitUpsideDown UIInterfaceOrientationLandscapeLeft UIInterfaceOrientationLandscapeRight";
				INFOPLIST_KEY_UISupportedInterfaceOrientations_iPhone = "UIInterfaceOrientationPortrait UIInterfaceOrientationLandscapeLeft UIInterfaceOrientationLandscapeRight";
				LD_RUNPATH_SEARCH_PATHS = (
					"$(inherited)",
					"@executable_path/Frameworks",
				);
				MARKETING_VERSION = 1.0;
				PRODUCT_BUNDLE_IDENTIFIER = me.wojtkowiak.bartosz.FishesOS;
				PRODUCT_NAME = "$(TARGET_NAME)";
				SWIFT_EMIT_LOC_STRINGS = YES;
				SWIFT_VERSION = 5.0;
				TARGETED_DEVICE_FAMILY = 1;
			};
			name = Debug;
		};
		E999E3BE27AC67FA002B9367 /* Release */ = {
			isa = XCBuildConfiguration;
			buildSettings = {
				ASSETCATALOG_COMPILER_APPICON_NAME = AppIcon;
				ASSETCATALOG_COMPILER_GLOBAL_ACCENT_COLOR_NAME = AccentColor;
				CODE_SIGN_STYLE = Automatic;
				CURRENT_PROJECT_VERSION = 1;
				DEVELOPMENT_ASSET_PATHS = "\"FishesOS/Preview Content\"";
				DEVELOPMENT_TEAM = 4Q8A93T347;
				ENABLE_PREVIEWS = YES;
				GENERATE_INFOPLIST_FILE = YES;
				INFOPLIST_KEY_UIApplicationSceneManifest_Generation = YES;
				INFOPLIST_KEY_UIApplicationSupportsIndirectInputEvents = YES;
				INFOPLIST_KEY_UILaunchScreen_Generation = YES;
				INFOPLIST_KEY_UISupportedInterfaceOrientations = UIInterfaceOrientationPortrait;
				INFOPLIST_KEY_UISupportedInterfaceOrientations_iPad = "UIInterfaceOrientationPortrait UIInterfaceOrientationPortraitUpsideDown UIInterfaceOrientationLandscapeLeft UIInterfaceOrientationLandscapeRight";
				INFOPLIST_KEY_UISupportedInterfaceOrientations_iPhone = "UIInterfaceOrientationPortrait UIInterfaceOrientationLandscapeLeft UIInterfaceOrientationLandscapeRight";
				LD_RUNPATH_SEARCH_PATHS = (
					"$(inherited)",
					"@executable_path/Frameworks",
				);
				MARKETING_VERSION = 1.0;
				PRODUCT_BUNDLE_IDENTIFIER = me.wojtkowiak.bartosz.FishesOS;
				PRODUCT_NAME = "$(TARGET_NAME)";
				SWIFT_EMIT_LOC_STRINGS = YES;
				SWIFT_VERSION = 5.0;
				TARGETED_DEVICE_FAMILY = 1;
			};
			name = Release;
		};
/* End XCBuildConfiguration section */

/* Begin XCConfigurationList section */
		E999E3A927AC67F9002B9367 /* Build configuration list for PBXProject "FishesOS" */ = {
			isa = XCConfigurationList;
			buildConfigurations = (
				E999E3BA27AC67FA002B9367 /* Debug */,
				E999E3BB27AC67FA002B9367 /* Release */,
			);
			defaultConfigurationIsVisible = 0;
			defaultConfigurationName = Release;
		};
		E999E3BC27AC67FA002B9367 /* Build configuration list for PBXNativeTarget "FishesOS" */ = {
			isa = XCConfigurationList;
			buildConfigurations = (
				E999E3BD27AC67FA002B9367 /* Debug */,
				E999E3BE27AC67FA002B9367 /* Release */,
			);
			defaultConfigurationIsVisible = 0;
			defaultConfigurationName = Release;
		};
/* End XCConfigurationList section */
	};
	rootObject = E999E3A627AC67F9002B9367 /* Project object */;
}
